
Microsoft Visual Studio Solution File, Format Version 12.00
# Visual Studio Version 17
VisualStudioVersion = 17.4.33110.190
MinimumVisualStudioVersion = 10.0.40219.1
Project("{FAE04EC0-301F-11D3-BF4B-00C04F79EFBC}") = "EtlTestProject", "EtlTestProject\EtlTestProject.csproj", "{D7E5CBB6-DEFE-4030-9697-C64A0B461A1B}"
EndProject
Global
	GlobalSection(SolutionConfigurationPlatforms) = preSolution
		Debug|Any CPU = Debug|Any CPU
		Release|Any CPU = Release|Any CPU
	EndGlobalSection
	GlobalSection(ProjectConfigurationPlatforms) = postSolution
		{D7E5CBB6-DEFE-4030-9697-C64A0B461A1B}.Debug|Any CPU.ActiveCfg = Debug|Any CPU
		{D7E5CBB6-DEFE-4030-9697-C64A0B461A1B}.Debug|Any CPU.Build.0 = Debug|Any CPU
		{D7E5CBB6-DEFE-4030-9697-C64A0B461A1B}.Release|Any CPU.ActiveCfg = Release|Any CPU
		{D7E5CBB6-DEFE-4030-9697-C64A0B461A1B}.Release|Any CPU.Build.0 = Release|Any CPU
	EndGlobalSection
	GlobalSection(SolutionProperties) = preSolution
		HideSolutionNode = FALSE
	EndGlobalSection
	GlobalSection(ExtensibilityGlobals) = postSolution
		SolutionGuid = {C18E8618-E5A3-4A2B-96E3-9C62121D2FAF}
	EndGlobalSection
EndGlobal
